# Generated by Dagger. Pins the images and git refs this workspace uses.
# Any Dagger command may update this file; always commit it with your changes.
# Run `dagger lock update` to refresh the pinned versions.
[["version","2"]]
["","git-latest",["github.com/dagger/go-sdk"],"refs/tags/v1.1.0"]
["","git-latest",["github.com/dagger/sdk-helpers",["version","v1"]],"refs/tags/v1.0.6"]
["","git-sha",["github.com/dagger/go-sdk","refs/tags/v1.1.0"],"2fa6a872760d2e2a33b612f1737ca5099d71ad0d"]
["","git-sha",["github.com/dagger/sdk-helpers","refs/tags/v1.0.6"],"16e5bf2837eb1dc840a1c9ad7d6dba385f0038d3"]
["","oci-sha",["docker.io/library/alpine:3.21"],"sha256:ce64758a109eb420d874a118f87920e625e12d3634e03b4a5573fd9f6e5d3507"]
["","oci-sha",["docker.io/library/golang:1.25-alpine"],"sha256:1ae0735f00daffa3aaf1363a5184c0d2dc55c78e3db4ec70241cdac97bf84b59"]
["","oci-sha",["docker.io/library/golang:1.26"],"sha256:eb36c1664dd974cde625f736e02c204383deebe03977365caaec5bf49f794348"]
["","vanity-url",["https://dagger.io/sdk/helpers"],"https://github.com/dagger/sdk-helpers"]
