# Generated by Dagger. Pins the images and git refs this workspace uses.
# Any Dagger command may update this file; always commit it with your changes.
# Run `dagger lock update` to refresh the pinned versions.
[["version","2"]]
["","git-latest",["github.com/dagger/dang-sdk"],"refs/tags/v1.0.1"]
["","git-latest",["github.com/dagger/sdk-helpers",["version","v1"]],"refs/tags/v1.0.4"]
["","git-latest",["github.com/vito/editor"],"refs/heads/main"]
["","git-sha",["github.com/containernetworking/plugins","refs/tags/v1.9.0"],"9b3772e1a7abf93cbb7c6526a28bc0d27b830e02"]
["","git-sha",["github.com/dagger/dang-sdk","collections"],"95593812a766da77e4fbefac1ce57d67c571a539"]
["","git-sha",["github.com/dagger/dang-sdk","refs/tags/v1.0.1"],"6dde4a9ca2cb598bf281ba36778d2428ad53aa48"]
["","git-sha",["github.com/dagger/sdk-helpers","refs/tags/v1.0.4"],"6c883f657933ecb06ae86d56d9cd1f8785346bb1"]
["","git-sha",["github.com/libfuse/sshfs","refs/tags/sshfs-3.7.6"],"7a2d988775446ebe7af9b01c99b3b8e86bddb05a"]
["","git-sha",["github.com/opencontainers/runc","refs/tags/v1.4.2"],"c241c0bb5e60a8e8c1b2e53d4eca8d0068d8d57e"]
["","git-sha",["github.com/vito/editor","refs/heads/main"],"6fb563770684705597a3563958dbb3bac7a8a1a5"]
["","oci-latest",["docker.io/library/busybox"],"1.38.0"]
["","oci-latest",["docker.io/library/generate-env"],"latest"]
["","oci-sha",["docker.io/golangci/golangci-lint:v2.11.4-alpine"],"sha256:72bcd68512b4e27540dd3a778a1b7afd45759d8145cfb3c089f1d7af53e718e9"]
["","oci-sha",["docker.io/library/alpine:3.23"],"sha256:fd791d74b68913cbb027c6546007b3f0d3bc45125f797758156952bc2d6daf40"]
["","oci-sha",["docker.io/library/busybox:1.37.0"],"sha256:9db7b59979c38555a39def84a31fb98b5296952f9e3afd4f6f11f05b07adfab0"]
["","oci-sha",["docker.io/library/busybox:1.38.0"],"sha256:dc2d74b28e4cf8984fa52af1f39bc7c3d9c73760b41a74d629f5d11b1ab28616"]
["","oci-sha",["docker.io/library/golang:1.25-alpine"],"sha256:1ae0735f00daffa3aaf1363a5184c0d2dc55c78e3db4ec70241cdac97bf84b59"]
["","oci-sha",["docker.io/library/golang:1.26-alpine"],"sha256:ce864e7223ac17b1775e6fd0b4c0db580c2eb50e7953a427916379e4b92a1628"]
["","oci-sha",["docker.io/library/golang:1.26.1-alpine"],"sha256:2389ebfa5b7f43eeafbd6be0c3700cc46690ef842ad962f6c5bd6be49ed82039"]
["","oci-sha",["docker.io/tonistiigi/xx:1.2.1"],"sha256:8879a398dedf0aadaacfbd332b29ff2f84bc39ae6d4e9c0a1109db27ac5ba012"]
["","oci-sha",["registry.dagger.io/engine:v1.0.0-beta.14"],"sha256:8a207003a9a75088f9f42391e0d93368f7d9bcfa019c7f5e313a83f0f35d3b6f"]
["","vanity-url",["https://dagger.io/sdk/helpers"],"https://github.com/dagger/sdk-helpers"]